
Microsoft Visual Studio Solution File, Format Version 12.00
# Visual Studio Version 17
VisualStudioVersion = 17.14.36811.4 d17.14
MinimumVisualStudioVersion = 10.0.40219.1
Project("{FAE04EC0-301F-11D3-BF4B-00C04F79EFBC}") = "Bank", "Bank\Bank.csproj", "{A292CEAF-C674-45D1-9571-C5235464BE24}"
EndProject
Project("{FAE04EC0-301F-11D3-BF4B-00C04F79EFBC}") = "BankTests", "BankTests\BankTests.csproj", "{B1BBDA98-55E8-49F0-9199-F267571F85FE}"
EndProject
Global
	GlobalSection(SolutionConfigurationPlatforms) = preSolution
		Debug|Any CPU = Debug|Any CPU
		Release|Any CPU = Release|Any CPU
	EndGlobalSection
	GlobalSection(ProjectConfigurationPlatforms) = postSolution
		{A292CEAF-C674-45D1-9571-C5235464BE24}.Debug|Any CPU.ActiveCfg = Debug|Any CPU
		{A292CEAF-C674-45D1-9571-C5235464BE24}.Debug|Any CPU.Build.0 = Debug|Any CPU
		{A292CEAF-C674-45D1-9571-C5235464BE24}.Release|Any CPU.ActiveCfg = Release|Any CPU
		{A292CEAF-C674-45D1-9571-C5235464BE24}.Release|Any CPU.Build.0 = Release|Any CPU
		{B1BBDA98-55E8-49F0-9199-F267571F85FE}.Debug|Any CPU.ActiveCfg = Debug|Any CPU
		{B1BBDA98-55E8-49F0-9199-F267571F85FE}.Debug|Any CPU.Build.0 = Debug|Any CPU
		{B1BBDA98-55E8-49F0-9199-F267571F85FE}.Release|Any CPU.ActiveCfg = Release|Any CPU
		{B1BBDA98-55E8-49F0-9199-F267571F85FE}.Release|Any CPU.Build.0 = Release|Any CPU
	EndGlobalSection
	GlobalSection(SolutionProperties) = preSolution
		HideSolutionNode = FALSE
	EndGlobalSection
	GlobalSection(ExtensibilityGlobals) = postSolution
		SolutionGuid = {C285FD40-6C3B-4D92-B015-5143282666FD}
	EndGlobalSection
EndGlobal
